// !$*UTF8*$!
{
	archiveVersion = 1;
	classes = {
	};
	objectVersion = 56;
	objects = {

/* Begin PBXBuildFile section */
		BE6F28A52979388C00B0E543 /* AppDelegate.swift in Sources */ = {isa = PBXBuildFile; fileRef = BE6F28A42979388C00B0E543 /* AppDelegate.swift */; };
		BE6F28A72979388C00B0E543 /* SceneDelegate.swift in Sources */ = {isa = PBXBuildFile; fileRef = BE6F28A62979388C00B0E543 /* SceneDelegate.swift */; };
		BE6F28A92979388C00B0E543 /* ViewController.swift in Sources */ = {isa = PBXBuildFile; fileRef = BE6F28A82979388C00B0E543 /* ViewController.swift */; };
		BE6F28AC2979388C00B0E543 /* Main.storyboard in Resources */ = {isa = PBXBuildFile; fileRef = BE6F28AA2979388C00B0E543 /* Main.storyboard */; };
		BE6F28AE2979388F00B0E543 /* Assets.xcassets in Resources */ = {isa = PBXBuildFile; fileRef = BE6F28AD2979388F00B0E543 /* Assets.xcassets */; };
		BE6F28B12979388F00B0E543 /* LaunchScreen.storyboard in Resources */ = {isa = PBXBuildFile; fileRef = BE6F28AF2979388F00B0E543 /* LaunchScreen.storyboard */; };
		BE6F28BC2979389000B0E543 /* Music_AppTests.swift in Sources */ = {isa = PBXBuildFile; fileRef = BE6F28BB2979389000B0E543 /* Music_AppTests.swift */; };
		BE6F28C62979389000B0E543 /* Music_AppUITests.swift in Sources */ = {isa = PBXBuildFile; fileRef = BE6F28C52979389000B0E543 /* Music_AppUITests.swift */; };
		BE6F28C82979389000B0E543 /* Music_AppUITestsLaunchTests.swift in Sources */ = {isa = PBXBuildFile; fileRef = BE6F28C72979389000B0E543 /* Music_AppUITestsLaunchTests.swift */; };
/* End PBXBuildFile section */

/* Begin PBXContainerItemProxy section */
		BE6F28B82979389000B0E543 /* PBXContainerItemProxy */ = {
			isa = PBXContainerItemProxy;
			containerPortal = BE6F28992979388C00B0E543 /* Project object */;
			proxyType = 1;
			remoteGlobalIDString = BE6F28A02979388C00B0E543;
			remoteInfo = "Music App";
		};
		BE6F28C22979389000B0E543 /* PBXContainerItemProxy */ = {
			isa = PBXContainerItemProxy;
			containerPortal = BE6F28992979388C00B0E543 /* Project object */;
			proxyType = 1;
			remoteGlobalIDString = BE6F28A02979388C00B0E543;
			remoteInfo = "Music App";
		};
/* End PBXContainerItemProxy section */

/* Begin PBXFileReference section */
		BE6F28A12979388C00B0E543 /* Music App.app */ = {isa = PBXFileReference; explicitFileType = wrapper.application; includeInIndex = 0; path = "Music App.app"; sourceTree = BUILT_PRODUCTS_DIR; };
		BE6F28A42979388C00B0E543 /* AppDelegate.swift */ = {isa = PBXFileReference; lastKnownFileType = sourcecode.swift; path = AppDelegate.swift; sourceTree = "<group>"; };
		BE6F28A62979388C00B0E543 /* SceneDelegate.swift */ = {isa = PBXFileReference; lastKnownFileType = sourcecode.swift; path = SceneDelegate.swift; sourceTree = "<group>"; };
		BE6F28A82979388C00B0E543 /* ViewController.swift */ = {isa = PBXFileReference; lastKnownFileType = sourcecode.swift; path = ViewController.swift; sourceTree = "<group>"; };
		BE6F28AB2979388C00B0E543 /* Base */ = {isa = PBXFileReference; lastKnownFileType = file.storyboard; name = Base; path = Base.lproj/Main.storyboard; sourceTree = "<group>"; };
		BE6F28AD2979388F00B0E543 /* Assets.xcassets */ = {isa = PBXFileReference; lastKnownFileType = folder.assetcatalog; path = Assets.xcassets; sourceTree = "<group>"; };
		BE6F28B02979388F00B0E543 /* Base */ = {isa = PBXFileReference; lastKnownFileType = file.storyboard; name = Base; path = Base.lproj/LaunchScreen.storyboard; sourceTree = "<group>"; };
		BE6F28B22979388F00B0E543 /* Info.plist */ = {isa = PBXFileReference; lastKnownFileType = text.plist.xml; path = Info.plist; sourceTree = "<group>"; };
		BE6F28B72979389000B0E543 /* Music AppTests.xctest */ = {isa = PBXFileReference; explicitFileType = wrapper.cfbundle; includeInIndex = 0; path = "Music AppTests.xctest"; sourceTree = BUILT_PRODUCTS_DIR; };
		BE6F28BB2979389000B0E543 /* Music_AppTests.swift */ = {isa = PBXFileReference; lastKnownFileType = sourcecode.swift; path = Music_AppTests.swift; sourceTree = "<group>"; };
		BE6F28C12979389000B0E543 /* Music AppUITests.xctest */ = {isa = PBXFileReference; explicitFileType = wrapper.cfbundle; includeInIndex = 0; path = "Music AppUITests.xctest"; sourceTree = BUILT_PRODUCTS_DIR; };
		BE6F28C52979389000B0E543 /* Music_AppUITests.swift */ = {isa = PBXFileReference; lastKnownFileType = sourcecode.swift; path = Music_AppUITests.swift; sourceTree = "<group>"; };
		BE6F28C72979389000B0E543 /* Music_AppUITestsLaunchTests.swift */ = {isa = PBXFileReference; lastKnownFileType = sourcecode.swift; path = Music_AppUITestsLaunchTests.swift; sourceTree = "<group>"; };
/* End PBXFileReference section */

/* Begin PBXFrameworksBuildPhase section */
		BE6F289E2979388C00B0E543 /* Frameworks */ = {
			isa = PBXFrameworksBuildPhase;
			buildActionMask = 2147483647;
			files = (
			);
			runOnlyForDeploymentPostprocessing = 0;
		};
		BE6F28B42979389000B0E543 /* Frameworks */ = {
			isa = PBXFrameworksBuildPhase;
			buildActionMask = 2147483647;
			files = (
			);
			runOnlyForDeploymentPostprocessing = 0;
		};
		BE6F28BE2979389000B0E543 /* Frameworks */ = {
			isa = PBXFrameworksBuildPhase;
			buildActionMask = 2147483647;
			files = (
			);
			runOnlyForDeploymentPostprocessing = 0;
		};
/* End PBXFrameworksBuildPhase section */

/* Begin PBXGroup section */
		BE6F28982979388C00B0E543 = {
			isa = PBXGroup;
			children = (
				BE6F28A32979388C00B0E543 /* Music App */,
				BE6F28BA2979389000B0E543 /* Music AppTests */,
				BE6F28C42979389000B0E543 /* Music AppUITests */,
				BE6F28A22979388C00B0E543 /* Products */,
			);
			sourceTree = "<group>";
		};
		BE6F28A22979388C00B0E543 /* Products */ = {
			isa = PBXGroup;
			children = (
				BE6F28A12979388C00B0E543 /* Music App.app */,
				BE6F28B72979389000B0E543 /* Music AppTests.xctest */,
				BE6F28C12979389000B0E543 /* Music AppUITests.xctest */,
			);
			name = Products;
			sourceTree = "<group>";
		};
		BE6F28A32979388C00B0E543 /* Music App */ = {
			isa = PBXGroup;
			children = (
				BE6F28A42979388C00B0E543 /* AppDelegate.swift */,
				BE6F28A62979388C00B0E543 /* SceneDelegate.swift */,
				BE6F28A82979388C00B0E543 /* ViewController.swift */,
				BE6F28AA2979388C00B0E543 /* Main.storyboard */,
				BE6F28AD2979388F00B0E543 /* Assets.xcassets */,
				BE6F28AF2979388F00B0E543 /* LaunchScreen.storyboard */,
				BE6F28B22979388F00B0E543 /* Info.plist */,
			);
			path = "Music App";
			sourceTree = "<group>";
		};
		BE6F28BA2979389000B0E543 /* Music AppTests */ = {
			isa = PBXGroup;
			children = (
				BE6F28BB2979389000B0E543 /* Music_AppTests.swift */,
			);
			path = "Music AppTests";
			sourceTree = "<group>";
		};
		BE6F28C42979389000B0E543 /* Music AppUITests */ = {
			isa = PBXGroup;
			children = (
				BE6F28C52979389000B0E543 /* Music_AppUITests.swift */,
				BE6F28C72979389000B0E543 /* Music_AppUITestsLaunchTests.swift */,
			);
			path = "Music AppUITests";
			sourceTree = "<group>";
		};
/* End PBXGroup section */

/* Begin PBXNativeTarget section */
		BE6F28A02979388C00B0E543 /* Music App */ = {
			isa = PBXNativeTarget;
			buildConfigurationList = BE6F28CB2979389000B0E543 /* Build configuration list for PBXNativeTarget "Music App" */;
			buildPhases = (
				BE6F289D2979388C00B0E543 /* Sources */,
				BE6F289E2979388C00B0E543 /* Frameworks */,
				BE6F289F2979388C00B0E543 /* Resources */,
			);
			buildRules = (
			);
			dependencies = (
			);
			name = "Music App";
			productName = "Music App";
			productReference = BE6F28A12979388C00B0E543 /* Music App.app */;
			productType = "com.apple.product-type.application";
		};
		BE6F28B62979389000B0E543 /* Music AppTests */ = {
			isa = PBXNativeTarget;
			buildConfigurationList = BE6F28CE2979389000B0E543 /* Build configuration list for PBXNativeTarget "Music AppTests" */;
			buildPhases = (
				BE6F28B32979389000B0E543 /* Sources */,
				BE6F28B42979389000B0E543 /* Frameworks */,
				BE6F28B52979389000B0E543 /* Resources */,
			);
			buildRules = (
			);
			dependencies = (
				BE6F28B92979389000B0E543 /* PBXTargetDependency */,
			);
			name = "Music AppTests";
			productName = "Music AppTests";
			productReference = BE6F28B72979389000B0E543 /* Music AppTests.xctest */;
			productType = "com.apple.product-type.bundle.unit-test";
		};
		BE6F28C02979389000B0E543 /* Music AppUITests */ = {
			isa = PBXNativeTarget;
			buildConfigurationList = BE6F28D12979389000B0E543 /* Build configuration list for PBXNativeTarget "Music AppUITests" */;
			buildPhases = (
				BE6F28BD2979389000B0E543 /* Sources */,
				BE6F28BE2979389000B0E543 /* Frameworks */,
				BE6F28BF2979389000B0E543 /* Resources */,
			);
			buildRules = (
			);
			dependencies = (
				BE6F28C32979389000B0E543 /* PBXTargetDependency */,
			);
			name = "Music AppUITests";
			productName = "Music AppUITests";
			productReference = BE6F28C12979389000B0E543 /* Music AppUITests.xctest */;
			productType = "com.apple.product-type.bundle.ui-testing";
		};
/* End PBXNativeTarget section */

/* Begin PBXProject section */
		BE6F28992979388C00B0E543 /* Project object */ = {
			isa = PBXProject;
			attributes = {
				BuildIndependentTargetsInParallel = 1;
				LastSwiftUpdateCheck = 1420;
				LastUpgradeCheck = 1420;
				TargetAttributes = {
					BE6F28A02979388C00B0E543 = {
						CreatedOnToolsVersion = 14.2;
					};
					BE6F28B62979389000B0E543 = {
						CreatedOnToolsVersion = 14.2;
						TestTargetID = BE6F28A02979388C00B0E543;
					};
					BE6F28C02979389000B0E543 = {
						CreatedOnToolsVersion = 14.2;
						TestTargetID = BE6F28A02979388C00B0E543;
					};
				};
			};
			buildConfigurationList = BE6F289C2979388C00B0E543 /* Build configuration list for PBXProject "Music App" */;
			compatibilityVersion = "Xcode 14.0";
			developmentRegion = en;
			hasScannedForEncodings = 0;
			knownRegions = (
				en,
				Base,
			);
			mainGroup = BE6F28982979388C00B0E543;
			productRefGroup = BE6F28A22979388C00B0E543 /* Products */;
			projectDirPath = "";
			projectRoot = "";
			targets = (
				BE6F28A02979388C00B0E543 /* Music App */,
				BE6F28B62979389000B0E543 /* Music AppTests */,
				BE6F28C02979389000B0E543 /* Music AppUITests */,
			);
		};
/* End PBXProject section */

/* Begin PBXResourcesBuildPhase section */
		BE6F289F2979388C00B0E543 /* Resources */ = {
			isa = PBXResourcesBuildPhase;
			buildActionMask = 2147483647;
			files = (
				BE6F28B12979388F00B0E543 /* LaunchScreen.storyboard in Resources */,
				BE6F28AE2979388F00B0E543 /* Assets.xcassets in Resources */,
				BE6F28AC2979388C00B0E543 /* Main.storyboard in Resources */,
			);
			runOnlyForDeploymentPostprocessing = 0;
		};
		BE6F28B52979389000B0E543 /* Resources */ = {
			isa = PBXResourcesBuildPhase;
			buildActionMask = 2147483647;
			files = (
			);
			runOnlyForDeploymentPostprocessing = 0;
		};
		BE6F28BF2979389000B0E543 /* Resources */ = {
			isa = PBXResourcesBuildPhase;
			buildActionMask = 2147483647;
			files = (
			);
			runOnlyForDeploymentPostprocessing = 0;
		};
/* End PBXResourcesBuildPhase section */

/* Begin PBXSourcesBuildPhase section */
		BE6F289D2979388C00B0E543 /* Sources */ = {
			isa = PBXSourcesBuildPhase;
			buildActionMask = 2147483647;
			files = (
				BE6F28A92979388C00B0E543 /* ViewController.swift in Sources */,
				BE6F28A52979388C00B0E543 /* AppDelegate.swift in Sources */,
				BE6F28A72979388C00B0E543 /* SceneDelegate.swift in Sources */,
			);
			runOnlyForDeploymentPostprocessing = 0;
		};
		BE6F28B32979389000B0E543 /* Sources */ = {
			isa = PBXSourcesBuildPhase;
			buildActionMask = 2147483647;
			files = (
				BE6F28BC2979389000B0E543 /* Music_AppTests.swift in Sources */,
			);
			runOnlyForDeploymentPostprocessing = 0;
		};
		BE6F28BD2979389000B0E543 /* Sources */ = {
			isa = PBXSourcesBuildPhase;
			buildActionMask = 2147483647;
			files = (
				BE6F28C82979389000B0E543 /* Music_AppUITestsLaunchTests.swift in Sources */,
				BE6F28C62979389000B0E543 /* Music_AppUITests.swift in Sources */,
			);
			runOnlyForDeploymentPostprocessing = 0;
		};
/* End PBXSourcesBuildPhase section */

/* Begin PBXTargetDependency section */
		BE6F28B92979389000B0E543 /* PBXTargetDependency */ = {
			isa = PBXTargetDependency;
			target = BE6F28A02979388C00B0E543 /* Music App */;
			targetProxy = BE6F28B82979389000B0E543 /* PBXContainerItemProxy */;
		};
		BE6F28C32979389000B0E543 /* PBXTargetDependency */ = {
			isa = PBXTargetDependency;
			target = BE6F28A02979388C00B0E543 /* Music App */;
			targetProxy = BE6F28C22979389000B0E543 /* PBXContainerItemProxy */;
		};
/* End PBXTargetDependency section */

/* Begin PBXVariantGroup section */
		BE6F28AA2979388C00B0E543 /* Main.storyboard */ = {
			isa = PBXVariantGroup;
			children = (
				BE6F28AB2979388C00B0E543 /* Base */,
			);
			name = Main.storyboard;
			sourceTree = "<group>";
		};
		BE6F28AF2979388F00B0E543 /* LaunchScreen.storyboard */ = {
			isa = PBXVariantGroup;
			children = (
				BE6F28B02979388F00B0E543 /* Base */,
			);
			name = LaunchScreen.storyboard;
			sourceTree = "<group>";
		};
/* End PBXVariantGroup section */

/* Begin XCBuildConfiguration section */
		BE6F28C92979389000B0E543 /* Debug */ = {
			isa = XCBuildConfiguration;
			buildSettings = {
				ALWAYS_SEARCH_USER_PATHS = NO;
				CLANG_ANALYZER_NONNULL = YES;
				CLANG_ANALYZER_NUMBER_OBJECT_CONVERSION = YES_AGGRESSIVE;
				CLANG_CXX_LANGUAGE_STANDARD = "gnu++20";
				CLANG_ENABLE_MODULES = YES;
				CLANG_ENABLE_OBJC_ARC = YES;
				CLANG_ENABLE_OBJC_WEAK = YES;
				CLANG_WARN_BLOCK_CAPTURE_AUTORELEASING = YES;
				CLANG_WARN_BOOL_CONVERSION = YES;
				CLANG_WARN_COMMA = YES;
				CLANG_WARN_CONSTANT_CONVERSION = YES;
				CLANG_WARN_DEPRECATED_OBJC_IMPLEMENTATIONS = YES;
				CLANG_WARN_DIRECT_OBJC_ISA_USAGE = YES_ERROR;
				CLANG_WARN_DOCUMENTATION_COMMENTS = YES;
				CLANG_WARN_EMPTY_BODY = YES;
				CLANG_WARN_ENUM_CONVERSION = YES;
				CLANG_WARN_INFINITE_RECURSION = YES;
				CLANG_WARN_INT_CONVERSION = YES;
				CLANG_WARN_NON_LITERAL_NULL_CONVERSION = YES;
				CLANG_WARN_OBJC_IMPLICIT_RETAIN_SELF = YES;
				CLANG_WARN_OBJC_LITERAL_CONVERSION = YES;
				CLANG_WARN_OBJC_ROOT_CLASS = YES_ERROR;
				CLANG_WARN_QUOTED_INCLUDE_IN_FRAMEWORK_HEADER = YES;
				CLANG_WARN_RANGE_LOOP_ANALYSIS = YES;
				CLANG_WARN_STRICT_PROTOTYPES = YES;
				CLANG_WARN_SUSPICIOUS_MOVE = YES;
				CLANG_WARN_UNGUARDED_AVAILABILITY = YES_AGGRESSIVE;
				CLANG_WARN_UNREACHABLE_CODE = YES;
				CLANG_WARN__DUPLICATE_METHOD_MATCH = YES;
				COPY_PHASE_STRIP = NO;
				DEBUG_INFORMATION_FORMAT = dwarf;
				ENABLE_STRICT_OBJC_MSGSEND = YES;
				ENABLE_TESTABILITY = YES;
				GCC_C_LANGUAGE_STANDARD = gnu11;
				GCC_DYNAMIC_NO_PIC = NO;
				GCC_NO_COMMON_BLOCKS = YES;
				GCC_OPTIMIZATION_LEVEL = 0;
				GCC_PREPROCESSOR_DEFINITIONS = (
					"DEBUG=1",
					"$(inherited)",
				);
				GCC_WARN_64_TO_32_BIT_CONVERSION = YES;
				GCC_WARN_ABOUT_RETURN_TYPE = YES_ERROR;
				GCC_WARN_UNDECLARED_SELECTOR = YES;
				GCC_WARN_UNINITIALIZED_AUTOS = YES_AGGRESSIVE;
				GCC_WARN_UNUSED_FUNCTION = YES;
				GCC_WARN_UNUSED_VARIABLE = YES;
				IPHONEOS_DEPLOYMENT_TARGET = 16.2;
				MTL_ENABLE_DEBUG_INFO = INCLUDE_SOURCE;
				MTL_FAST_MATH = YES;
				ONLY_ACTIVE_ARCH = YES;
				SDKROOT = iphoneos;
				SWIFT_ACTIVE_COMPILATION_CONDITIONS = DEBUG;
				SWIFT_OPTIMIZATION_LEVEL = "-Onone";
			};
			name = Debug;
		};
		BE6F28CA2979389000B0E543 /* Release */ = {
			isa = XCBuildConfiguration;
			buildSettings = {
				ALWAYS_SEARCH_USER_PATHS = NO;
				CLANG_ANALYZER_NONNULL = YES;
				CLANG_ANALYZER_NUMBER_OBJECT_CONVERSION = YES_AGGRESSIVE;
				CLANG_CXX_LANGUAGE_STANDARD = "gnu++20";
				CLANG_ENABLE_MODULES = YES;
				CLANG_ENABLE_OBJC_ARC = YES;
				CLANG_ENABLE_OBJC_WEAK = YES;
				CLANG_WARN_BLOCK_CAPTURE_AUTORELEASING = YES;
				CLANG_WARN_BOOL_CONVERSION = YES;
				CLANG_WARN_COMMA = YES;
				CLANG_WARN_CONSTANT_CONVERSION = YES;
				CLANG_WARN_DEPRECATED_OBJC_IMPLEMENTATIONS = YES;
				CLANG_WARN_DIRECT_OBJC_ISA_USAGE = YES_ERROR;
				CLANG_WARN_DOCUMENTATION_COMMENTS = YES;
				CLANG_WARN_EMPTY_BODY = YES;
				CLANG_WARN_ENUM_CONVERSION = YES;
				CLANG_WARN_INFINITE_RECURSION = YES;
				CLANG_WARN_INT_CONVERSION = YES;
				CLANG_WARN_NON_LITERAL_NULL_CONVERSION = YES;
				CLANG_WARN_OBJC_IMPLICIT_RETAIN_SELF = YES;
				CLANG_WARN_OBJC_LITERAL_CONVERSION = YES;
				CLANG_WARN_OBJC_ROOT_CLASS = YES_ERROR;
				CLANG_WARN_QUOTED_INCLUDE_IN_FRAMEWORK_HEADER = YES;
				CLANG_WARN_RANGE_LOOP_ANALYSIS = YES;
				CLANG_WARN_STRICT_PROTOTYPES = YES;
				CLANG_WARN_SUSPICIOUS_MOVE = YES;
				CLANG_WARN_UNGUARDED_AVAILABILITY = YES_AGGRESSIVE;
				CLANG_WARN_UNREACHABLE_CODE = YES;
				CLANG_WARN__DUPLICATE_METHOD_MATCH = YES;
				COPY_PHASE_STRIP = NO;
				DEBUG_INFORMATION_FORMAT = "dwarf-with-dsym";
				ENABLE_NS_ASSERTIONS = NO;
				ENABLE_STRICT_OBJC_MSGSEND = YES;
				GCC_C_LANGUAGE_STANDARD = gnu11;
				GCC_NO_COMMON_BLOCKS = YES;
				GCC_WARN_64_TO_32_BIT_CONVERSION = YES;
				GCC_WARN_ABOUT_RETURN_TYPE = YES_ERROR;
				GCC_WARN_UNDECLARED_SELECTOR = YES;
				GCC_WARN_UNINITIALIZED_AUTOS = YES_AGGRESSIVE;
				GCC_WARN_UNUSED_FUNCTION = YES;
				GCC_WARN_UNUSED_VARIABLE = YES;
				IPHONEOS_DEPLOYMENT_TARGET = 16.2;
				MTL_ENABLE_DEBUG_INFO = NO;
				MTL_FAST_MATH = YES;
				SDKROOT = iphoneos;
				SWIFT_COMPILATION_MODE = wholemodule;
				SWIFT_OPTIMIZATION_LEVEL = "-O";
				VALIDATE_PRODUCT = YES;
			};
			name = Release;
		};
		BE6F28CC2979389000B0E543 /* Debug */ = {
			isa = XCBuildConfiguration;
			buildSettings = {
				ASSETCATALOG_COMPILER_APPICON_NAME = AppIcon;
				ASSETCATALOG_COMPILER_GLOBAL_ACCENT_COLOR_NAME = AccentColor;
				CODE_SIGN_STYLE = Automatic;
				CURRENT_PROJECT_VERSION = 1;
				DEVELOPMENT_TEAM = L4H488SRYA;
				GENERATE_INFOPLIST_FILE = YES;
				INFOPLIST_FILE = "Music App/Info.plist";
				INFOPLIST_KEY_UIApplicationSupportsIndirectInputEvents = YES;
				INFOPLIST_KEY_UILaunchStoryboardName = LaunchScreen;
				INFOPLIST_KEY_UIMainStoryboardFile = Main;
				INFOPLIST_KEY_UISupportedInterfaceOrientations_iPad = "UIInterfaceOrientationPortrait UIInterfaceOrientationPortraitUpsideDown UIInterfaceOrientationLandscapeLeft UIInterfaceOrientationLandscapeRight";
				INFOPLIST_KEY_UISupportedInterfaceOrientations_iPhone = "UIInterfaceOrientationPortrait UIInterfaceOrientationLandscapeLeft UIInterfaceOrientationLandscapeRight";
				IPHONEOS_DEPLOYMENT_TARGET = 15.2;
				LD_RUNPATH_SEARCH_PATHS = (
					"$(inherited)",
					"@executable_path/Frameworks",
				);
				MARKETING_VERSION = 1.0;
				PRODUCT_BUNDLE_IDENTIFIER = "AvangardTeam.Music-App";
				PRODUCT_NAME = "$(TARGET_NAME)";
				SWIFT_EMIT_LOC_STRINGS = YES;
				SWIFT_VERSION = 5.0;
				TARGETED_DEVICE_FAMILY = "1,2";
			};
			name = Debug;
		};
		BE6F28CD2979389000B0E543 /* Release */ = {
			isa = XCBuildConfiguration;
			buildSettings = {
				ASSETCATALOG_COMPILER_APPICON_NAME = AppIcon;
				ASSETCATALOG_COMPILER_GLOBAL_ACCENT_COLOR_NAME = AccentColor;
				CODE_SIGN_STYLE = Automatic;
				CURRENT_PROJECT_VERSION = 1;
				DEVELOPMENT_TEAM = L4H488SRYA;
				GENERATE_INFOPLIST_FILE = YES;
				INFOPLIST_FILE = "Music App/Info.plist";
				INFOPLIST_KEY_UIApplicationSupportsIndirectInputEvents = YES;
				INFOPLIST_KEY_UILaunchStoryboardName = LaunchScreen;
				INFOPLIST_KEY_UIMainStoryboardFile = Main;
				INFOPLIST_KEY_UISupportedInterfaceOrientations_iPad = "UIInterfaceOrientationPortrait UIInterfaceOrientationPortraitUpsideDown UIInterfaceOrientationLandscapeLeft UIInterfaceOrientationLandscapeRight";
				INFOPLIST_KEY_UISupportedInterfaceOrientations_iPhone = "UIInterfaceOrientationPortrait UIInterfaceOrientationLandscapeLeft UIInterfaceOrientationLandscapeRight";
				IPHONEOS_DEPLOYMENT_TARGET = 15.2;
				LD_RUNPATH_SEARCH_PATHS = (
					"$(inherited)",
					"@executable_path/Frameworks",
				);
				MARKETING_VERSION = 1.0;
				PRODUCT_BUNDLE_IDENTIFIER = "AvangardTeam.Music-App";
				PRODUCT_NAME = "$(TARGET_NAME)";
				SWIFT_EMIT_LOC_STRINGS = YES;
				SWIFT_VERSION = 5.0;
				TARGETED_DEVICE_FAMILY = "1,2";
			};
			name = Release;
		};
		BE6F28CF2979389000B0E543 /* Debug */ = {
			isa = XCBuildConfiguration;
			buildSettings = {
				ALWAYS_EMBED_SWIFT_STANDARD_LIBRARIES = YES;
				BUNDLE_LOADER = "$(TEST_HOST)";
				CODE_SIGN_STYLE = Automatic;
				CURRENT_PROJECT_VERSION = 1;
				DEVELOPMENT_TEAM = L4H488SRYA;
				GENERATE_INFOPLIST_FILE = YES;
				IPHONEOS_DEPLOYMENT_TARGET = 16.2;
				MARKETING_VERSION = 1.0;
				PRODUCT_BUNDLE_IDENTIFIER = "AvangardTeam.Music-AppTests";
				PRODUCT_NAME = "$(TARGET_NAME)";
				SWIFT_EMIT_LOC_STRINGS = NO;
				SWIFT_VERSION = 5.0;
				TARGETED_DEVICE_FAMILY = "1,2";
				TEST_HOST = "$(BUILT_PRODUCTS_DIR)/Music App.app/$(BUNDLE_EXECUTABLE_FOLDER_PATH)/Music App";
			};
			name = Debug;
		};
		BE6F28D02979389000B0E543 /* Release */ = {
			isa = XCBuildConfiguration;
			buildSettings = {
				ALWAYS_EMBED_SWIFT_STANDARD_LIBRARIES = YES;
				BUNDLE_LOADER = "$(TEST_HOST)";
				CODE_SIGN_STYLE = Automatic;
				CURRENT_PROJECT_VERSION = 1;
				DEVELOPMENT_TEAM = L4H488SRYA;
				GENERATE_INFOPLIST_FILE = YES;
				IPHONEOS_DEPLOYMENT_TARGET = 16.2;
				MARKETING_VERSION = 1.0;
				PRODUCT_BUNDLE_IDENTIFIER = "AvangardTeam.Music-AppTests";
				PRODUCT_NAME = "$(TARGET_NAME)";
				SWIFT_EMIT_LOC_STRINGS = NO;
				SWIFT_VERSION = 5.0;
				TARGETED_DEVICE_FAMILY = "1,2";
				TEST_HOST = "$(BUILT_PRODUCTS_DIR)/Music App.app/$(BUNDLE_EXECUTABLE_FOLDER_PATH)/Music App";
			};
			name = Release;
		};
		BE6F28D22979389000B0E543 /* Debug */ = {
			isa = XCBuildConfiguration;
			buildSettings = {
				ALWAYS_EMBED_SWIFT_STANDARD_LIBRARIES = YES;
				CODE_SIGN_STYLE = Automatic;
				CURRENT_PROJECT_VERSION = 1;
				DEVELOPMENT_TEAM = L4H488SRYA;
				GENERATE_INFOPLIST_FILE = YES;
				MARKETING_VERSION = 1.0;
				PRODUCT_BUNDLE_IDENTIFIER = "AvangardTeam.Music-AppUITests";
				PRODUCT_NAME = "$(TARGET_NAME)";
				SWIFT_EMIT_LOC_STRINGS = NO;
				SWIFT_VERSION = 5.0;
				TARGETED_DEVICE_FAMILY = "1,2";
				TEST_TARGET_NAME = "Music App";
			};
			name = Debug;
		};
		BE6F28D32979389000B0E543 /* Release */ = {
			isa = XCBuildConfiguration;
			buildSettings = {
				ALWAYS_EMBED_SWIFT_STANDARD_LIBRARIES = YES;
				CODE_SIGN_STYLE = Automatic;
				CURRENT_PROJECT_VERSION = 1;
				DEVELOPMENT_TEAM = L4H488SRYA;
				GENERATE_INFOPLIST_FILE = YES;
				MARKETING_VERSION = 1.0;
				PRODUCT_BUNDLE_IDENTIFIER = "AvangardTeam.Music-AppUITests";
				PRODUCT_NAME = "$(TARGET_NAME)";
				SWIFT_EMIT_LOC_STRINGS = NO;
				SWIFT_VERSION = 5.0;
				TARGETED_DEVICE_FAMILY = "1,2";
				TEST_TARGET_NAME = "Music App";
			};
			name = Release;
		};
/* End XCBuildConfiguration section */

/* Begin XCConfigurationList section */
		BE6F289C2979388C00B0E543 /* Build configuration list for PBXProject "Music App" */ = {
			isa = XCConfigurationList;
			buildConfigurations = (
				BE6F28C92979389000B0E543 /* Debug */,
				BE6F28CA2979389000B0E543 /* Release */,
			);
			defaultConfigurationIsVisible = 0;
			defaultConfigurationName = Release;
		};
		BE6F28CB2979389000B0E543 /* Build configuration list for PBXNativeTarget "Music App" */ = {
			isa = XCConfigurationList;
			buildConfigurations = (
				BE6F28CC2979389000B0E543 /* Debug */,
				BE6F28CD2979389000B0E543 /* Release */,
			);
			defaultConfigurationIsVisible = 0;
			defaultConfigurationName = Release;
		};
		BE6F28CE2979389000B0E543 /* Build configuration list for PBXNativeTarget "Music AppTests" */ = {
			isa = XCConfigurationList;
			buildConfigurations = (
				BE6F28CF2979389000B0E543 /* Debug */,
				BE6F28D02979389000B0E543 /* Release */,
			);
			defaultConfigurationIsVisible = 0;
			defaultConfigurationName = Release;
		};
		BE6F28D12979389000B0E543 /* Build configuration list for PBXNativeTarget "Music AppUITests" */ = {
			isa = XCConfigurationList;
			buildConfigurations = (
				BE6F28D22979389000B0E543 /* Debug */,
				BE6F28D32979389000B0E543 /* Release */,
			);
			defaultConfigurationIsVisible = 0;
			defaultConfigurationName = Release;
		};
/* End XCConfigurationList section */
	};
	rootObject = BE6F28992979388C00B0E543 /* Project object */;
}
